
Microsoft Visual Studio Solution File, Format Version 12.00
# Visual Studio Version 17
VisualStudioVersion = 17.13.35825.156
MinimumVisualStudioVersion = 10.0.40219.1
Project("{FAE04EC0-301F-11D3-BF4B-00C04F79EFBC}") = "CoffeeAPI", "CoffeeAPI\CoffeeAPI.csproj", "{F2D8EC71-4657-49B8-8B77-604480142D65}"
EndProject
Project("{FAE04EC0-301F-11D3-BF4B-00C04F79EFBC}") = "Data", "Data\Data.csproj", "{48F05C4A-2A1F-415D-835E-3E497464CE74}"
EndProject
Project("{FAE04EC0-301F-11D3-BF4B-00C04F79EFBC}") = "Application", "Application\Application.csproj", "{D90F4B80-F141-47BE-A923-3C3FE061C1DC}"
EndProject
Global
	GlobalSection(SolutionConfigurationPlatforms) = preSolution
		Debug|Any CPU = Debug|Any CPU
		Release|Any CPU = Release|Any CPU
	EndGlobalSection
	GlobalSection(ProjectConfigurationPlatforms) = postSolution
		{F2D8EC71-4657-49B8-8B77-604480142D65}.Debug|Any CPU.ActiveCfg = Debug|Any CPU
		{F2D8EC71-4657-49B8-8B77-604480142D65}.Debug|Any CPU.Build.0 = Debug|Any CPU
		{F2D8EC71-4657-49B8-8B77-604480142D65}.Release|Any CPU.ActiveCfg = Release|Any CPU
		{F2D8EC71-4657-49B8-8B77-604480142D65}.Release|Any CPU.Build.0 = Release|Any CPU
		{48F05C4A-2A1F-415D-835E-3E497464CE74}.Debug|Any CPU.ActiveCfg = Debug|Any CPU
		{48F05C4A-2A1F-415D-835E-3E497464CE74}.Debug|Any CPU.Build.0 = Debug|Any CPU
		{48F05C4A-2A1F-415D-835E-3E497464CE74}.Release|Any CPU.ActiveCfg = Release|Any CPU
		{48F05C4A-2A1F-415D-835E-3E497464CE74}.Release|Any CPU.Build.0 = Release|Any CPU
		{D90F4B80-F141-47BE-A923-3C3FE061C1DC}.Debug|Any CPU.ActiveCfg = Debug|Any CPU
		{D90F4B80-F141-47BE-A923-3C3FE061C1DC}.Debug|Any CPU.Build.0 = Debug|Any CPU
		{D90F4B80-F141-47BE-A923-3C3FE061C1DC}.Release|Any CPU.ActiveCfg = Release|Any CPU
		{D90F4B80-F141-47BE-A923-3C3FE061C1DC}.Release|Any CPU.Build.0 = Release|Any CPU
	EndGlobalSection
	GlobalSection(SolutionProperties) = preSolution
		HideSolutionNode = FALSE
	EndGlobalSection
	GlobalSection(ExtensibilityGlobals) = postSolution
		SolutionGuid = {B18392F7-D619-4A98-9633-C3296D557C40}
	EndGlobalSection
EndGlobal
